
Microsoft Visual Studio Solution File, Format Version 12.00
# Visual Studio Version 17
VisualStudioVersion = 17.5.002.0
MinimumVisualStudioVersion = 10.0.40219.1
Project("{9A19103F-16F7-4668-BE54-9A1E7A4F7556}") = "mywebapp", "mywebapp.csproj", "{BCB5AA20-E95C-4837-938D-8B12B65FCC88}"
EndProject
Global
	GlobalSection(SolutionConfigurationPlatforms) = preSolution
		Debug|Any CPU = Debug|Any CPU
		Release|Any CPU = Release|Any CPU
	EndGlobalSection
	GlobalSection(ProjectConfigurationPlatforms) = postSolution
		{BCB5AA20-E95C-4837-938D-8B12B65FCC88}.Debug|Any CPU.ActiveCfg = Debug|Any CPU
		{BCB5AA20-E95C-4837-938D-8B12B65FCC88}.Debug|Any CPU.Build.0 = Debug|Any CPU
		{BCB5AA20-E95C-4837-938D-8B12B65FCC88}.Release|Any CPU.ActiveCfg = Release|Any CPU
		{BCB5AA20-E95C-4837-938D-8B12B65FCC88}.Release|Any CPU.Build.0 = Release|Any CPU
	EndGlobalSection
	GlobalSection(SolutionProperties) = preSolution
		HideSolutionNode = FALSE
	EndGlobalSection
	GlobalSection(ExtensibilityGlobals) = postSolution
		SolutionGuid = {D7F4B40E-B4FA-4C1E-B1E2-F6114A2822FA}
	EndGlobalSection
EndGlobal
